// !$*UTF8*$!
{
	archiveVersion = 1;
	classes = {
	};
	objectVersion = 56;
	objects = {

/* Begin PBXBuildFile section */
		2C482CA42D6163C500604638 /* DeepDiveIntoStylesApp.swift in Sources */ = {isa = PBXBuildFile; fileRef = 2C482CA32D6163C500604638 /* DeepDiveIntoStylesApp.swift */; };
		2C482CA62D6163C500604638 /* ContentView.swift in Sources */ = {isa = PBXBuildFile; fileRef = 2C482CA52D6163C500604638 /* ContentView.swift */; };
		2C482CA82D6163C700604638 /* Assets.xcassets in Resources */ = {isa = PBXBuildFile; fileRef = 2C482CA72D6163C700604638 /* Assets.xcassets */; };
		2C482CAC2D6163C700604638 /* Preview Assets.xcassets in Resources */ = {isa = PBXBuildFile; fileRef = 2C482CAB2D6163C700604638 /* Preview Assets.xcassets */; };
		2C482CB72D6165B700604638 /* CircleToggleStyles.swift in Sources */ = {isa = PBXBuildFile; fileRef = 2C482CB62D6165B700604638 /* CircleToggleStyles.swift */; };
		2C482CB92D6165D600604638 /* ToggleView.swift in Sources */ = {isa = PBXBuildFile; fileRef = 2C482CB82D6165D600604638 /* ToggleView.swift */; };
		2C482CBB2D616A8000604638 /* CustomToggle.swift in Sources */ = {isa = PBXBuildFile; fileRef = 2C482CBA2D616A8000604638 /* CustomToggle.swift */; };
		2C482CBD2D616D4900604638 /* ButtonView.swift in Sources */ = {isa = PBXBuildFile; fileRef = 2C482CBC2D616D4900604638 /* ButtonView.swift */; };
		2C482CBF2D61729700604638 /* TextFieldView.swift in Sources */ = {isa = PBXBuildFile; fileRef = 2C482CBE2D61729700604638 /* TextFieldView.swift */; };
		2C482CC12D6172A800604638 /* LabelView.swift in Sources */ = {isa = PBXBuildFile; fileRef = 2C482CC02D6172A800604638 /* LabelView.swift */; };
		2C482CC32D61758700604638 /* CustomButton.swift in Sources */ = {isa = PBXBuildFile; fileRef = 2C482CC22D61758700604638 /* CustomButton.swift */; };
		2C482CC52D61759D00604638 /* CustomButtonStyles.swift in Sources */ = {isa = PBXBuildFile; fileRef = 2C482CC42D61759D00604638 /* CustomButtonStyles.swift */; };
		2C482CC72D61830000604638 /* ProblemView.swift in Sources */ = {isa = PBXBuildFile; fileRef = 2C482CC62D61830000604638 /* ProblemView.swift */; };
		2C482CC92D61837500604638 /* CustomLabelStyles.swift in Sources */ = {isa = PBXBuildFile; fileRef = 2C482CC82D61837500604638 /* CustomLabelStyles.swift */; };
		2C482CCB2D6187FB00604638 /* CustomLabel.swift in Sources */ = {isa = PBXBuildFile; fileRef = 2C482CCA2D6187FB00604638 /* CustomLabel.swift */; };
		2C482CCD2D618F4F00604638 /* CustomTextField.swift in Sources */ = {isa = PBXBuildFile; fileRef = 2C482CCC2D618F4F00604638 /* CustomTextField.swift */; };
		2C482CCF2D61909F00604638 /* CustomTextFieldStyles.swift in Sources */ = {isa = PBXBuildFile; fileRef = 2C482CCE2D61909E00604638 /* CustomTextFieldStyles.swift */; };
		2C482CD12D61974300604638 /* SolutionsView.swift in Sources */ = {isa = PBXBuildFile; fileRef = 2C482CD02D61974300604638 /* SolutionsView.swift */; };
/* End PBXBuildFile section */

/* Begin PBXFileReference section */
		2C482CA02D6163C500604638 /* DeepDiveIntoStyles.app */ = {isa = PBXFileReference; explicitFileType = wrapper.application; includeInIndex = 0; path = DeepDiveIntoStyles.app; sourceTree = BUILT_PRODUCTS_DIR; };
		2C482CA32D6163C500604638 /* DeepDiveIntoStylesApp.swift */ = {isa = PBXFileReference; lastKnownFileType = sourcecode.swift; path = DeepDiveIntoStylesApp.swift; sourceTree = "<group>"; };
		2C482CA52D6163C500604638 /* ContentView.swift */ = {isa = PBXFileReference; lastKnownFileType = sourcecode.swift; path = ContentView.swift; sourceTree = "<group>"; };
		2C482CA72D6163C700604638 /* Assets.xcassets */ = {isa = PBXFileReference; lastKnownFileType = folder.assetcatalog; path = Assets.xcassets; sourceTree = "<group>"; };
		2C482CA92D6163C700604638 /* DeepDiveIntoStyles.entitlements */ = {isa = PBXFileReference; lastKnownFileType = text.plist.entitlements; path = DeepDiveIntoStyles.entitlements; sourceTree = "<group>"; };
		2C482CAB2D6163C700604638 /* Preview Assets.xcassets */ = {isa = PBXFileReference; lastKnownFileType = folder.assetcatalog; path = "Preview Assets.xcassets"; sourceTree = "<group>"; };
		2C482CB62D6165B700604638 /* CircleToggleStyles.swift */ = {isa = PBXFileReference; lastKnownFileType = sourcecode.swift; path = CircleToggleStyles.swift; sourceTree = "<group>"; };
		2C482CB82D6165D600604638 /* ToggleView.swift */ = {isa = PBXFileReference; lastKnownFileType = sourcecode.swift; path = ToggleView.swift; sourceTree = "<group>"; };
		2C482CBA2D616A8000604638 /* CustomToggle.swift */ = {isa = PBXFileReference; lastKnownFileType = sourcecode.swift; path = CustomToggle.swift; sourceTree = "<group>"; };
		2C482CBC2D616D4900604638 /* ButtonView.swift */ = {isa = PBXFileReference; lastKnownFileType = sourcecode.swift; path = ButtonView.swift; sourceTree = "<group>"; };
		2C482CBE2D61729700604638 /* TextFieldView.swift */ = {isa = PBXFileReference; lastKnownFileType = sourcecode.swift; path = TextFieldView.swift; sourceTree = "<group>"; };
		2C482CC02D6172A800604638 /* LabelView.swift */ = {isa = PBXFileReference; lastKnownFileType = sourcecode.swift; path = LabelView.swift; sourceTree = "<group>"; };
		2C482CC22D61758700604638 /* CustomButton.swift */ = {isa = PBXFileReference; lastKnownFileType = sourcecode.swift; path = CustomButton.swift; sourceTree = "<group>"; };
		2C482CC42D61759D00604638 /* CustomButtonStyles.swift */ = {isa = PBXFileReference; lastKnownFileType = sourcecode.swift; path = CustomButtonStyles.swift; sourceTree = "<group>"; };
		2C482CC62D61830000604638 /* ProblemView.swift */ = {isa = PBXFileReference; lastKnownFileType = sourcecode.swift; path = ProblemView.swift; sourceTree = "<group>"; };
		2C482CC82D61837500604638 /* CustomLabelStyles.swift */ = {isa = PBXFileReference; lastKnownFileType = sourcecode.swift; path = CustomLabelStyles.swift; sourceTree = "<group>"; };
		2C482CCA2D6187FB00604638 /* CustomLabel.swift */ = {isa = PBXFileReference; lastKnownFileType = sourcecode.swift; path = CustomLabel.swift; sourceTree = "<group>"; };
		2C482CCC2D618F4F00604638 /* CustomTextField.swift */ = {isa = PBXFileReference; lastKnownFileType = sourcecode.swift; path = CustomTextField.swift; sourceTree = "<group>"; };
		2C482CCE2D61909E00604638 /* CustomTextFieldStyles.swift */ = {isa = PBXFileReference; lastKnownFileType = sourcecode.swift; path = CustomTextFieldStyles.swift; sourceTree = "<group>"; };
		2C482CD02D61974300604638 /* SolutionsView.swift */ = {isa = PBXFileReference; lastKnownFileType = sourcecode.swift; path = SolutionsView.swift; sourceTree = "<group>"; };
/* End PBXFileReference section */

/* Begin PBXFrameworksBuildPhase section */
		2C482C9D2D6163C500604638 /* Frameworks */ = {
			isa = PBXFrameworksBuildPhase;
			buildActionMask = 2147483647;
			files = (
			);
			runOnlyForDeploymentPostprocessing = 0;
		};
/* End PBXFrameworksBuildPhase section */

/* Begin PBXGroup section */
		2C482C972D6163C500604638 = {
			isa = PBXGroup;
			children = (
				2C482CA22D6163C500604638 /* DeepDiveIntoStyles */,
				2C482CA12D6163C500604638 /* Products */,
			);
			sourceTree = "<group>";
		};
		2C482CA12D6163C500604638 /* Products */ = {
			isa = PBXGroup;
			children = (
				2C482CA02D6163C500604638 /* DeepDiveIntoStyles.app */,
			);
			name = Products;
			sourceTree = "<group>";
		};
		2C482CA22D6163C500604638 /* DeepDiveIntoStyles */ = {
			isa = PBXGroup;
			children = (
				2C482CB22D6163EF00604638 /* ButtonStyle */,
				2C482CB52D61648400604638 /* TextfiledStyle */,
				2C482CB32D61640800604638 /* ToggleStyle */,
				2C482CB42D61646F00604638 /* LabelStyle */,
				2C482CA32D6163C500604638 /* DeepDiveIntoStylesApp.swift */,
				2C482CA52D6163C500604638 /* ContentView.swift */,
				2C482CC62D61830000604638 /* ProblemView.swift */,
				2C482CD02D61974300604638 /* SolutionsView.swift */,
				2C482CA72D6163C700604638 /* Assets.xcassets */,
				2C482CA92D6163C700604638 /* DeepDiveIntoStyles.entitlements */,
				2C482CAA2D6163C700604638 /* Preview Content */,
			);
			path = DeepDiveIntoStyles;
			sourceTree = "<group>";
		};
		2C482CAA2D6163C700604638 /* Preview Content */ = {
			isa = PBXGroup;
			children = (
				2C482CAB2D6163C700604638 /* Preview Assets.xcassets */,
			);
			path = "Preview Content";
			sourceTree = "<group>";
		};
		2C482CB22D6163EF00604638 /* ButtonStyle */ = {
			isa = PBXGroup;
			children = (
				2C482CBC2D616D4900604638 /* ButtonView.swift */,
				2C482CC22D61758700604638 /* CustomButton.swift */,
				2C482CC42D61759D00604638 /* CustomButtonStyles.swift */,
			);
			path = ButtonStyle;
			sourceTree = "<group>";
		};
		2C482CB32D61640800604638 /* ToggleStyle */ = {
			isa = PBXGroup;
			children = (
				2C482CB62D6165B700604638 /* CircleToggleStyles.swift */,
				2C482CB82D6165D600604638 /* ToggleView.swift */,
				2C482CBA2D616A8000604638 /* CustomToggle.swift */,
			);
			path = ToggleStyle;
			sourceTree = "<group>";
		};
		2C482CB42D61646F00604638 /* LabelStyle */ = {
			isa = PBXGroup;
			children = (
				2C482CC02D6172A800604638 /* LabelView.swift */,
				2C482CC82D61837500604638 /* CustomLabelStyles.swift */,
				2C482CCA2D6187FB00604638 /* CustomLabel.swift */,
			);
			path = LabelStyle;
			sourceTree = "<group>";
		};
		2C482CB52D61648400604638 /* TextfiledStyle */ = {
			isa = PBXGroup;
			children = (
				2C482CBE2D61729700604638 /* TextFieldView.swift */,
				2C482CCC2D618F4F00604638 /* CustomTextField.swift */,
				2C482CCE2D61909E00604638 /* CustomTextFieldStyles.swift */,
			);
			path = TextfiledStyle;
			sourceTree = "<group>";
		};
/* End PBXGroup section */

/* Begin PBXNativeTarget section */
		2C482C9F2D6163C500604638 /* DeepDiveIntoStyles */ = {
			isa = PBXNativeTarget;
			buildConfigurationList = 2C482CAF2D6163C700604638 /* Build configuration list for PBXNativeTarget "DeepDiveIntoStyles" */;
			buildPhases = (
				2C482C9C2D6163C500604638 /* Sources */,
				2C482C9D2D6163C500604638 /* Frameworks */,
				2C482C9E2D6163C500604638 /* Resources */,
			);
			buildRules = (
			);
			dependencies = (
			);
			name = DeepDiveIntoStyles;
			productName = DeepDiveIntoStyles;
			productReference = 2C482CA02D6163C500604638 /* DeepDiveIntoStyles.app */;
			productType = "com.apple.product-type.application";
		};
/* End PBXNativeTarget section */

/* Begin PBXProject section */
		2C482C982D6163C500604638 /* Project object */ = {
			isa = PBXProject;
			attributes = {
				BuildIndependentTargetsInParallel = 1;
				LastSwiftUpdateCheck = 1540;
				LastUpgradeCheck = 1540;
				TargetAttributes = {
					2C482C9F2D6163C500604638 = {
						CreatedOnToolsVersion = 15.4;
					};
				};
			};
			buildConfigurationList = 2C482C9B2D6163C500604638 /* Build configuration list for PBXProject "DeepDiveIntoStyles" */;
			compatibilityVersion = "Xcode 14.0";
			developmentRegion = en;
			hasScannedForEncodings = 0;
			knownRegions = (
				en,
				Base,
			);
			mainGroup = 2C482C972D6163C500604638;
			productRefGroup = 2C482CA12D6163C500604638 /* Products */;
			projectDirPath = "";
			projectRoot = "";
			targets = (
				2C482C9F2D6163C500604638 /* DeepDiveIntoStyles */,
			);
		};
/* End PBXProject section */

/* Begin PBXResourcesBuildPhase section */
		2C482C9E2D6163C500604638 /* Resources */ = {
			isa = PBXResourcesBuildPhase;
			buildActionMask = 2147483647;
			files = (
				2C482CAC2D6163C700604638 /* Preview Assets.xcassets in Resources */,
				2C482CA82D6163C700604638 /* Assets.xcassets in Resources */,
			);
			runOnlyForDeploymentPostprocessing = 0;
		};
/* End PBXResourcesBuildPhase section */

/* Begin PBXSourcesBuildPhase section */
		2C482C9C2D6163C500604638 /* Sources */ = {
			isa = PBXSourcesBuildPhase;
			buildActionMask = 2147483647;
			files = (
				2C482CCD2D618F4F00604638 /* CustomTextField.swift in Sources */,
				2C482CB92D6165D600604638 /* ToggleView.swift in Sources */,
				2C482CBF2D61729700604638 /* TextFieldView.swift in Sources */,
				2C482CC72D61830000604638 /* ProblemView.swift in Sources */,
				2C482CC52D61759D00604638 /* CustomButtonStyles.swift in Sources */,
				2C482CC92D61837500604638 /* CustomLabelStyles.swift in Sources */,
				2C482CC32D61758700604638 /* CustomButton.swift in Sources */,
				2C482CA62D6163C500604638 /* ContentView.swift in Sources */,
				2C482CCF2D61909F00604638 /* CustomTextFieldStyles.swift in Sources */,
				2C482CD12D61974300604638 /* SolutionsView.swift in Sources */,
				2C482CBD2D616D4900604638 /* ButtonView.swift in Sources */,
				2C482CBB2D616A8000604638 /* CustomToggle.swift in Sources */,
				2C482CCB2D6187FB00604638 /* CustomLabel.swift in Sources */,
				2C482CC12D6172A800604638 /* LabelView.swift in Sources */,
				2C482CB72D6165B700604638 /* CircleToggleStyles.swift in Sources */,
				2C482CA42D6163C500604638 /* DeepDiveIntoStylesApp.swift in Sources */,
			);
			runOnlyForDeploymentPostprocessing = 0;
		};
/* End PBXSourcesBuildPhase section */

/* Begin XCBuildConfiguration section */
		2C482CAD2D6163C700604638 /* Debug */ = {
			isa = XCBuildConfiguration;
			buildSettings = {
				ALWAYS_SEARCH_USER_PATHS = NO;
				ASSETCATALOG_COMPILER_GENERATE_SWIFT_ASSET_SYMBOL_EXTENSIONS = YES;
				CLANG_ANALYZER_NONNULL = YES;
				CLANG_ANALYZER_NUMBER_OBJECT_CONVERSION = YES_AGGRESSIVE;
				CLANG_CXX_LANGUAGE_STANDARD = "gnu++20";
				CLANG_ENABLE_MODULES = YES;
				CLANG_ENABLE_OBJC_ARC = YES;
				CLANG_ENABLE_OBJC_WEAK = YES;
				CLANG_WARN_BLOCK_CAPTURE_AUTORELEASING = YES;
				CLANG_WARN_BOOL_CONVERSION = YES;
				CLANG_WARN_COMMA = YES;
				CLANG_WARN_CONSTANT_CONVERSION = YES;
				CLANG_WARN_DEPRECATED_OBJC_IMPLEMENTATIONS = YES;
				CLANG_WARN_DIRECT_OBJC_ISA_USAGE = YES_ERROR;
				CLANG_WARN_DOCUMENTATION_COMMENTS = YES;
				CLANG_WARN_EMPTY_BODY = YES;
				CLANG_WARN_ENUM_CONVERSION = YES;
				CLANG_WARN_INFINITE_RECURSION = YES;
				CLANG_WARN_INT_CONVERSION = YES;
				CLANG_WARN_NON_LITERAL_NULL_CONVERSION = YES;
				CLANG_WARN_OBJC_IMPLICIT_RETAIN_SELF = YES;
				CLANG_WARN_OBJC_LITERAL_CONVERSION = YES;
				CLANG_WARN_OBJC_ROOT_CLASS = YES_ERROR;
				CLANG_WARN_QUOTED_INCLUDE_IN_FRAMEWORK_HEADER = YES;
				CLANG_WARN_RANGE_LOOP_ANALYSIS = YES;
				CLANG_WARN_STRICT_PROTOTYPES = YES;
				CLANG_WARN_SUSPICIOUS_MOVE = YES;
				CLANG_WARN_UNGUARDED_AVAILABILITY = YES_AGGRESSIVE;
				CLANG_WARN_UNREACHABLE_CODE = YES;
				CLANG_WARN__DUPLICATE_METHOD_MATCH = YES;
				COPY_PHASE_STRIP = NO;
				DEBUG_INFORMATION_FORMAT = dwarf;
				ENABLE_STRICT_OBJC_MSGSEND = YES;
				ENABLE_TESTABILITY = YES;
				ENABLE_USER_SCRIPT_SANDBOXING = YES;
				GCC_C_LANGUAGE_STANDARD = gnu17;
				GCC_DYNAMIC_NO_PIC = NO;
				GCC_NO_COMMON_BLOCKS = YES;
				GCC_OPTIMIZATION_LEVEL = 0;
				GCC_PREPROCESSOR_DEFINITIONS = (
					"DEBUG=1",
					"$(inherited)",
				);
				GCC_WARN_64_TO_32_BIT_CONVERSION = YES;
				GCC_WARN_ABOUT_RETURN_TYPE = YES_ERROR;
				GCC_WARN_UNDECLARED_SELECTOR = YES;
				GCC_WARN_UNINITIALIZED_AUTOS = YES_AGGRESSIVE;
				GCC_WARN_UNUSED_FUNCTION = YES;
				GCC_WARN_UNUSED_VARIABLE = YES;
				LOCALIZATION_PREFERS_STRING_CATALOGS = YES;
				MTL_ENABLE_DEBUG_INFO = INCLUDE_SOURCE;
				MTL_FAST_MATH = YES;
				ONLY_ACTIVE_ARCH = YES;
				SWIFT_ACTIVE_COMPILATION_CONDITIONS = "DEBUG $(inherited)";
				SWIFT_OPTIMIZATION_LEVEL = "-Onone";
			};
			name = Debug;
		};
		2C482CAE2D6163C700604638 /* Release */ = {
			isa = XCBuildConfiguration;
			buildSettings = {
				ALWAYS_SEARCH_USER_PATHS = NO;
				ASSETCATALOG_COMPILER_GENERATE_SWIFT_ASSET_SYMBOL_EXTENSIONS = YES;
				CLANG_ANALYZER_NONNULL = YES;
				CLANG_ANALYZER_NUMBER_OBJECT_CONVERSION = YES_AGGRESSIVE;
				CLANG_CXX_LANGUAGE_STANDARD = "gnu++20";
				CLANG_ENABLE_MODULES = YES;
				CLANG_ENABLE_OBJC_ARC = YES;
				CLANG_ENABLE_OBJC_WEAK = YES;
				CLANG_WARN_BLOCK_CAPTURE_AUTORELEASING = YES;
				CLANG_WARN_BOOL_CONVERSION = YES;
				CLANG_WARN_COMMA = YES;
				CLANG_WARN_CONSTANT_CONVERSION = YES;
				CLANG_WARN_DEPRECATED_OBJC_IMPLEMENTATIONS = YES;
				CLANG_WARN_DIRECT_OBJC_ISA_USAGE = YES_ERROR;
				CLANG_WARN_DOCUMENTATION_COMMENTS = YES;
				CLANG_WARN_EMPTY_BODY = YES;
				CLANG_WARN_ENUM_CONVERSION = YES;
				CLANG_WARN_INFINITE_RECURSION = YES;
				CLANG_WARN_INT_CONVERSION = YES;
				CLANG_WARN_NON_LITERAL_NULL_CONVERSION = YES;
				CLANG_WARN_OBJC_IMPLICIT_RETAIN_SELF = YES;
				CLANG_WARN_OBJC_LITERAL_CONVERSION = YES;
				CLANG_WARN_OBJC_ROOT_CLASS = YES_ERROR;
				CLANG_WARN_QUOTED_INCLUDE_IN_FRAMEWORK_HEADER = YES;
				CLANG_WARN_RANGE_LOOP_ANALYSIS = YES;
				CLANG_WARN_STRICT_PROTOTYPES = YES;
				CLANG_WARN_SUSPICIOUS_MOVE = YES;
				CLANG_WARN_UNGUARDED_AVAILABILITY = YES_AGGRESSIVE;
				CLANG_WARN_UNREACHABLE_CODE = YES;
				CLANG_WARN__DUPLICATE_METHOD_MATCH = YES;
				COPY_PHASE_STRIP = NO;
				DEBUG_INFORMATION_FORMAT = "dwarf-with-dsym";
				ENABLE_NS_ASSERTIONS = NO;
				ENABLE_STRICT_OBJC_MSGSEND = YES;
				ENABLE_USER_SCRIPT_SANDBOXING = YES;
				GCC_C_LANGUAGE_STANDARD = gnu17;
				GCC_NO_COMMON_BLOCKS = YES;
				GCC_WARN_64_TO_32_BIT_CONVERSION = YES;
				GCC_WARN_ABOUT_RETURN_TYPE = YES_ERROR;
				GCC_WARN_UNDECLARED_SELECTOR = YES;
				GCC_WARN_UNINITIALIZED_AUTOS = YES_AGGRESSIVE;
				GCC_WARN_UNUSED_FUNCTION = YES;
				GCC_WARN_UNUSED_VARIABLE = YES;
				LOCALIZATION_PREFERS_STRING_CATALOGS = YES;
				MTL_ENABLE_DEBUG_INFO = NO;
				MTL_FAST_MATH = YES;
				SWIFT_COMPILATION_MODE = wholemodule;
			};
			name = Release;
		};
		2C482CB02D6163C700604638 /* Debug */ = {
			isa = XCBuildConfiguration;
			buildSettings = {
				ASSETCATALOG_COMPILER_APPICON_NAME = AppIcon;
				ASSETCATALOG_COMPILER_GLOBAL_ACCENT_COLOR_NAME = AccentColor;
				CODE_SIGN_ENTITLEMENTS = DeepDiveIntoStyles/DeepDiveIntoStyles.entitlements;
				CODE_SIGN_STYLE = Automatic;
				CURRENT_PROJECT_VERSION = 1;
				DEVELOPMENT_ASSET_PATHS = "\"DeepDiveIntoStyles/Preview Content\"";
				DEVELOPMENT_TEAM = 4AQ32WV4RL;
				ENABLE_PREVIEWS = YES;
				GENERATE_INFOPLIST_FILE = YES;
				"INFOPLIST_KEY_UIApplicationSceneManifest_Generation[sdk=iphoneos*]" = YES;
				"INFOPLIST_KEY_UIApplicationSceneManifest_Generation[sdk=iphonesimulator*]" = YES;
				"INFOPLIST_KEY_UIApplicationSupportsIndirectInputEvents[sdk=iphoneos*]" = YES;
				"INFOPLIST_KEY_UIApplicationSupportsIndirectInputEvents[sdk=iphonesimulator*]" = YES;
				"INFOPLIST_KEY_UILaunchScreen_Generation[sdk=iphoneos*]" = YES;
				"INFOPLIST_KEY_UILaunchScreen_Generation[sdk=iphonesimulator*]" = YES;
				"INFOPLIST_KEY_UIStatusBarStyle[sdk=iphoneos*]" = UIStatusBarStyleDefault;
				"INFOPLIST_KEY_UIStatusBarStyle[sdk=iphonesimulator*]" = UIStatusBarStyleDefault;
				INFOPLIST_KEY_UISupportedInterfaceOrientations_iPad = "UIInterfaceOrientationPortrait UIInterfaceOrientationPortraitUpsideDown UIInterfaceOrientationLandscapeLeft UIInterfaceOrientationLandscapeRight";
				INFOPLIST_KEY_UISupportedInterfaceOrientations_iPhone = "UIInterfaceOrientationPortrait UIInterfaceOrientationLandscapeLeft UIInterfaceOrientationLandscapeRight";
				IPHONEOS_DEPLOYMENT_TARGET = 17.5;
				LD_RUNPATH_SEARCH_PATHS = "@executable_path/Frameworks";
				"LD_RUNPATH_SEARCH_PATHS[sdk=macosx*]" = "@executable_path/../Frameworks";
				MACOSX_DEPLOYMENT_TARGET = 14.5;
				MARKETING_VERSION = 1.0;
				PRODUCT_BUNDLE_IDENTIFIER = com.buzzingvibe.DeepDiveIntoStyles;
				PRODUCT_NAME = "$(TARGET_NAME)";
				SDKROOT = auto;
				SUPPORTED_PLATFORMS = "iphoneos iphonesimulator macosx";
				SWIFT_EMIT_LOC_STRINGS = YES;
				SWIFT_VERSION = 5.0;
				TARGETED_DEVICE_FAMILY = "1,2";
			};
			name = Debug;
		};
		2C482CB12D6163C700604638 /* Release */ = {
			isa = XCBuildConfiguration;
			buildSettings = {
				ASSETCATALOG_COMPILER_APPICON_NAME = AppIcon;
				ASSETCATALOG_COMPILER_GLOBAL_ACCENT_COLOR_NAME = AccentColor;
				CODE_SIGN_ENTITLEMENTS = DeepDiveIntoStyles/DeepDiveIntoStyles.entitlements;
				CODE_SIGN_STYLE = Automatic;
				CURRENT_PROJECT_VERSION = 1;
				DEVELOPMENT_ASSET_PATHS = "\"DeepDiveIntoStyles/Preview Content\"";
				DEVELOPMENT_TEAM = 4AQ32WV4RL;
				ENABLE_PREVIEWS = YES;
				GENERATE_INFOPLIST_FILE = YES;
				"INFOPLIST_KEY_UIApplicationSceneManifest_Generation[sdk=iphoneos*]" = YES;
				"INFOPLIST_KEY_UIApplicationSceneManifest_Generation[sdk=iphonesimulator*]" = YES;
				"INFOPLIST_KEY_UIApplicationSupportsIndirectInputEvents[sdk=iphoneos*]" = YES;
				"INFOPLIST_KEY_UIApplicationSupportsIndirectInputEvents[sdk=iphonesimulator*]" = YES;
				"INFOPLIST_KEY_UILaunchScreen_Generation[sdk=iphoneos*]" = YES;
				"INFOPLIST_KEY_UILaunchScreen_Generation[sdk=iphonesimulator*]" = YES;
				"INFOPLIST_KEY_UIStatusBarStyle[sdk=iphoneos*]" = UIStatusBarStyleDefault;
				"INFOPLIST_KEY_UIStatusBarStyle[sdk=iphonesimulator*]" = UIStatusBarStyleDefault;
				INFOPLIST_KEY_UISupportedInterfaceOrientations_iPad = "UIInterfaceOrientationPortrait UIInterfaceOrientationPortraitUpsideDown UIInterfaceOrientationLandscapeLeft UIInterfaceOrientationLandscapeRight";
				INFOPLIST_KEY_UISupportedInterfaceOrientations_iPhone = "UIInterfaceOrientationPortrait UIInterfaceOrientationLandscapeLeft UIInterfaceOrientationLandscapeRight";
				IPHONEOS_DEPLOYMENT_TARGET = 17.5;
				LD_RUNPATH_SEARCH_PATHS = "@executable_path/Frameworks";
				"LD_RUNPATH_SEARCH_PATHS[sdk=macosx*]" = "@executable_path/../Frameworks";
				MACOSX_DEPLOYMENT_TARGET = 14.5;
				MARKETING_VERSION = 1.0;
				PRODUCT_BUNDLE_IDENTIFIER = com.buzzingvibe.DeepDiveIntoStyles;
				PRODUCT_NAME = "$(TARGET_NAME)";
				SDKROOT = auto;
				SUPPORTED_PLATFORMS = "iphoneos iphonesimulator macosx";
				SWIFT_EMIT_LOC_STRINGS = YES;
				SWIFT_VERSION = 5.0;
				TARGETED_DEVICE_FAMILY = "1,2";
			};
			name = Release;
		};
/* End XCBuildConfiguration section */

/* Begin XCConfigurationList section */
		2C482C9B2D6163C500604638 /* Build configuration list for PBXProject "DeepDiveIntoStyles" */ = {
			isa = XCConfigurationList;
			buildConfigurations = (
				2C482CAD2D6163C700604638 /* Debug */,
				2C482CAE2D6163C700604638 /* Release */,
			);
			defaultConfigurationIsVisible = 0;
			defaultConfigurationName = Release;
		};
		2C482CAF2D6163C700604638 /* Build configuration list for PBXNativeTarget "DeepDiveIntoStyles" */ = {
			isa = XCConfigurationList;
			buildConfigurations = (
				2C482CB02D6163C700604638 /* Debug */,
				2C482CB12D6163C700604638 /* Release */,
			);
			defaultConfigurationIsVisible = 0;
			defaultConfigurationName = Release;
		};
/* End XCConfigurationList section */
	};
	rootObject = 2C482C982D6163C500604638 /* Project object */;
}
